
Microsoft Visual Studio Solution File, Format Version 12.00
# Visual Studio 15
VisualStudioVersion = 15.0.27130.2010
MinimumVisualStudioVersion = 10.0.40219.1
Project("{FAE04EC0-301F-11D3-BF4B-00C04F79EFBC}") = "01.NumbersFrom1toN", "01.NumbersFrom1toN\01.NumbersFrom1toN.csproj", "{9933E7E3-752A-40FB-8462-478F79150BBF}"
EndProject
Project("{FAE04EC0-301F-11D3-BF4B-00C04F79EFBC}") = "02.NotDivisibleNumbers", "02.NotDivisibleNumbers\02.NotDivisibleNumbers.csproj", "{2CC47E2F-841C-463D-BC16-732F4902CDE7}"
EndProject
Project("{FAE04EC0-301F-11D3-BF4B-00C04F79EFBC}") = "03.MMSAofNNumbers", "03.MMSAofNNumbers\03.MMSAofNNumbers.csproj", "{8ECCCAFB-6D54-4F43-9C4A-D0427B090946}"
EndProject
Project("{FAE04EC0-301F-11D3-BF4B-00C04F79EFBC}") = "04.PrintDeck", "04.PrintDeck\04.PrintDeck.csproj", "{EE2F9FFE-19D5-4647-9AD5-1B73026179EB}"
EndProject
Project("{FAE04EC0-301F-11D3-BF4B-00C04F79EFBC}") = "05.Calculate!", "05.Calculate!\05.Calculate!.csproj", "{CEA78CC8-AB13-4840-8953-3D723479DCBB}"
EndProject
Project("{FAE04EC0-301F-11D3-BF4B-00C04F79EFBC}") = "06.CalculateAgain!", "06.CalculateAgain!\06.CalculateAgain!.csproj", "{F5D5DA7E-D1F5-4747-B480-771095BC272C}"
EndProject
Project("{FAE04EC0-301F-11D3-BF4B-00C04F79EFBC}") = "07.Calculate3!", "07.Calculate3!\07.Calculate3!.csproj", "{92A89121-C3FF-4010-B83D-9677A696BBAF}"
EndProject
Project("{FAE04EC0-301F-11D3-BF4B-00C04F79EFBC}") = "08.CatalanNumbers", "08.CatalanNumbers\08.CatalanNumbers.csproj", "{80BB2DDA-8F46-41EA-881D-D779DFB202B2}"
EndProject
Project("{FAE04EC0-301F-11D3-BF4B-00C04F79EFBC}") = "09.MatrixofNumbers", "09.MatrixofNumbers\09.MatrixofNumbers.csproj", "{9F597DD7-3A96-4850-AC96-339E8B912BB1}"
EndProject
Project("{FAE04EC0-301F-11D3-BF4B-00C04F79EFBC}") = "10.OddEvenProduct", "10.OddEvenProduct\10.OddEvenProduct.csproj", "{7527B724-A55E-4CE9-832A-22C2C7836379}"
EndProject
Project("{FAE04EC0-301F-11D3-BF4B-00C04F79EFBC}") = "11.BinarytoDecimal", "11. Binary toDecimal\11.BinarytoDecimal.csproj", "{DDF7C299-D8E4-4821-BF5E-768CF27ECE4B}"
EndProject
Project("{FAE04EC0-301F-11D3-BF4B-00C04F79EFBC}") = "12.DecimaltoBinary", "12.DecimaltoBinary\12.DecimaltoBinary.csproj", "{433FBF2D-5175-46C2-AC9E-FC61B93BDEA7}"
EndProject
Project("{FAE04EC0-301F-11D3-BF4B-00C04F79EFBC}") = "13.DecimaltoHex", "13.DecimaltoHex\13.DecimaltoHex.csproj", "{A05B9D89-D143-408F-8E65-B992F4270004}"
EndProject
Project("{FAE04EC0-301F-11D3-BF4B-00C04F79EFBC}") = "14.HextoDecimal", "14.HextoDecimal\14.HextoDecimal.csproj", "{56CB011F-6250-4A76-ABB0-F5D0A69B19FC}"
EndProject
Project("{FAE04EC0-301F-11D3-BF4B-00C04F79EFBC}") = "15.GCD", "15.GCD\15.GCD.csproj", "{59E42B0F-13F0-44DF-9F74-0E9C73816199}"
EndProject
Project("{FAE04EC0-301F-11D3-BF4B-00C04F79EFBC}") = "16.TrailingZeroinN!", "16.TrailingZeroinN!\16.TrailingZeroinN!.csproj", "{728C2498-755B-4866-ADFE-F2ABBAF86AFE}"
EndProject
Project("{FAE04EC0-301F-11D3-BF4B-00C04F79EFBC}") = "17.SpiralMatrix", "17.SpiralMatrix\17.SpiralMatrix.csproj", "{6E831AE5-88F0-4EDC-A3A4-B150FBBB4EED}"
EndProject
Global
	GlobalSection(SolutionConfigurationPlatforms) = preSolution
		Debug|Any CPU = Debug|Any CPU
		Release|Any CPU = Release|Any CPU
	EndGlobalSection
	GlobalSection(ProjectConfigurationPlatforms) = postSolution
		{9933E7E3-752A-40FB-8462-478F79150BBF}.Debug|Any CPU.ActiveCfg = Debug|Any CPU
		{9933E7E3-752A-40FB-8462-478F79150BBF}.Debug|Any CPU.Build.0 = Debug|Any CPU
		{9933E7E3-752A-40FB-8462-478F79150BBF}.Release|Any CPU.ActiveCfg = Release|Any CPU
		{9933E7E3-752A-40FB-8462-478F79150BBF}.Release|Any CPU.Build.0 = Release|Any CPU
		{2CC47E2F-841C-463D-BC16-732F4902CDE7}.Debug|Any CPU.ActiveCfg = Debug|Any CPU
		{2CC47E2F-841C-463D-BC16-732F4902CDE7}.Debug|Any CPU.Build.0 = Debug|Any CPU
		{2CC47E2F-841C-463D-BC16-732F4902CDE7}.Release|Any CPU.ActiveCfg = Release|Any CPU
		{2CC47E2F-841C-463D-BC16-732F4902CDE7}.Release|Any CPU.Build.0 = Release|Any CPU
		{8ECCCAFB-6D54-4F43-9C4A-D0427B090946}.Debug|Any CPU.ActiveCfg = Debug|Any CPU
		{8ECCCAFB-6D54-4F43-9C4A-D0427B090946}.Debug|Any CPU.Build.0 = Debug|Any CPU
		{8ECCCAFB-6D54-4F43-9C4A-D0427B090946}.Release|Any CPU.ActiveCfg = Release|Any CPU
		{8ECCCAFB-6D54-4F43-9C4A-D0427B090946}.Release|Any CPU.Build.0 = Release|Any CPU
		{EE2F9FFE-19D5-4647-9AD5-1B73026179EB}.Debug|Any CPU.ActiveCfg = Debug|Any CPU
		{EE2F9FFE-19D5-4647-9AD5-1B73026179EB}.Debug|Any CPU.Build.0 = Debug|Any CPU
		{EE2F9FFE-19D5-4647-9AD5-1B73026179EB}.Release|Any CPU.ActiveCfg = Release|Any CPU
		{EE2F9FFE-19D5-4647-9AD5-1B73026179EB}.Release|Any CPU.Build.0 = Release|Any CPU
		{CEA78CC8-AB13-4840-8953-3D723479DCBB}.Debug|Any CPU.ActiveCfg = Debug|Any CPU
		{CEA78CC8-AB13-4840-8953-3D723479DCBB}.Debug|Any CPU.Build.0 = Debug|Any CPU
		{CEA78CC8-AB13-4840-8953-3D723479DCBB}.Release|Any CPU.ActiveCfg = Release|Any CPU
		{CEA78CC8-AB13-4840-8953-3D723479DCBB}.Release|Any CPU.Build.0 = Release|Any CPU
		{F5D5DA7E-D1F5-4747-B480-771095BC272C}.Debug|Any CPU.ActiveCfg = Debug|Any CPU
		{F5D5DA7E-D1F5-4747-B480-771095BC272C}.Debug|Any CPU.Build.0 = Debug|Any CPU
		{F5D5DA7E-D1F5-4747-B480-771095BC272C}.Release|Any CPU.ActiveCfg = Release|Any CPU
		{F5D5DA7E-D1F5-4747-B480-771095BC272C}.Release|Any CPU.Build.0 = Release|Any CPU
		{92A89121-C3FF-4010-B83D-9677A696BBAF}.Debug|Any CPU.ActiveCfg = Debug|Any CPU
		{92A89121-C3FF-4010-B83D-9677A696BBAF}.Debug|Any CPU.Build.0 = Debug|Any CPU
		{92A89121-C3FF-4010-B83D-9677A696BBAF}.Release|Any CPU.ActiveCfg = Release|Any CPU
		{92A89121-C3FF-4010-B83D-9677A696BBAF}.Release|Any CPU.Build.0 = Release|Any CPU
		{80BB2DDA-8F46-41EA-881D-D779DFB202B2}.Debug|Any CPU.ActiveCfg = Debug|Any CPU
		{80BB2DDA-8F46-41EA-881D-D779DFB202B2}.Debug|Any CPU.Build.0 = Debug|Any CPU
		{80BB2DDA-8F46-41EA-881D-D779DFB202B2}.Release|Any CPU.ActiveCfg = Release|Any CPU
		{80BB2DDA-8F46-41EA-881D-D779DFB202B2}.Release|Any CPU.Build.0 = Release|Any CPU
		{9F597DD7-3A96-4850-AC96-339E8B912BB1}.Debug|Any CPU.ActiveCfg = Debug|Any CPU
		{9F597DD7-3A96-4850-AC96-339E8B912BB1}.Debug|Any CPU.Build.0 = Debug|Any CPU
		{9F597DD7-3A96-4850-AC96-339E8B912BB1}.Release|Any CPU.ActiveCfg = Release|Any CPU
		{9F597DD7-3A96-4850-AC96-339E8B912BB1}.Release|Any CPU.Build.0 = Release|Any CPU
		{7527B724-A55E-4CE9-832A-22C2C7836379}.Debug|Any CPU.ActiveCfg = Debug|Any CPU
		{7527B724-A55E-4CE9-832A-22C2C7836379}.Debug|Any CPU.Build.0 = Debug|Any CPU
		{7527B724-A55E-4CE9-832A-22C2C7836379}.Release|Any CPU.ActiveCfg = Release|Any CPU
		{7527B724-A55E-4CE9-832A-22C2C7836379}.Release|Any CPU.Build.0 = Release|Any CPU
		{DDF7C299-D8E4-4821-BF5E-768CF27ECE4B}.Debug|Any CPU.ActiveCfg = Debug|Any CPU
		{DDF7C299-D8E4-4821-BF5E-768CF27ECE4B}.Debug|Any CPU.Build.0 = Debug|Any CPU
		{DDF7C299-D8E4-4821-BF5E-768CF27ECE4B}.Release|Any CPU.ActiveCfg = Release|Any CPU
		{DDF7C299-D8E4-4821-BF5E-768CF27ECE4B}.Release|Any CPU.Build.0 = Release|Any CPU
		{433FBF2D-5175-46C2-AC9E-FC61B93BDEA7}.Debug|Any CPU.ActiveCfg = Debug|Any CPU
		{433FBF2D-5175-46C2-AC9E-FC61B93BDEA7}.Debug|Any CPU.Build.0 = Debug|Any CPU
		{433FBF2D-5175-46C2-AC9E-FC61B93BDEA7}.Release|Any CPU.ActiveCfg = Release|Any CPU
		{433FBF2D-5175-46C2-AC9E-FC61B93BDEA7}.Release|Any CPU.Build.0 = Release|Any CPU
		{A05B9D89-D143-408F-8E65-B992F4270004}.Debug|Any CPU.ActiveCfg = Debug|Any CPU
		{A05B9D89-D143-408F-8E65-B992F4270004}.Debug|Any CPU.Build.0 = Debug|Any CPU
		{A05B9D89-D143-408F-8E65-B992F4270004}.Release|Any CPU.ActiveCfg = Release|Any CPU
		{A05B9D89-D143-408F-8E65-B992F4270004}.Release|Any CPU.Build.0 = Release|Any CPU
		{56CB011F-6250-4A76-ABB0-F5D0A69B19FC}.Debug|Any CPU.ActiveCfg = Debug|Any CPU
		{56CB011F-6250-4A76-ABB0-F5D0A69B19FC}.Debug|Any CPU.Build.0 = Debug|Any CPU
		{56CB011F-6250-4A76-ABB0-F5D0A69B19FC}.Release|Any CPU.ActiveCfg = Release|Any CPU
		{56CB011F-6250-4A76-ABB0-F5D0A69B19FC}.Release|Any CPU.Build.0 = Release|Any CPU
		{59E42B0F-13F0-44DF-9F74-0E9C73816199}.Debug|Any CPU.ActiveCfg = Debug|Any CPU
		{59E42B0F-13F0-44DF-9F74-0E9C73816199}.Debug|Any CPU.Build.0 = Debug|Any CPU
		{59E42B0F-13F0-44DF-9F74-0E9C73816199}.Release|Any CPU.ActiveCfg = Release|Any CPU
		{59E42B0F-13F0-44DF-9F74-0E9C73816199}.Release|Any CPU.Build.0 = Release|Any CPU
		{728C2498-755B-4866-ADFE-F2ABBAF86AFE}.Debug|Any CPU.ActiveCfg = Debug|Any CPU
		{728C2498-755B-4866-ADFE-F2ABBAF86AFE}.Debug|Any CPU.Build.0 = Debug|Any CPU
		{728C2498-755B-4866-ADFE-F2ABBAF86AFE}.Release|Any CPU.ActiveCfg = Release|Any CPU
		{728C2498-755B-4866-ADFE-F2ABBAF86AFE}.Release|Any CPU.Build.0 = Release|Any CPU
		{6E831AE5-88F0-4EDC-A3A4-B150FBBB4EED}.Debug|Any CPU.ActiveCfg = Debug|Any CPU
		{6E831AE5-88F0-4EDC-A3A4-B150FBBB4EED}.Debug|Any CPU.Build.0 = Debug|Any CPU
		{6E831AE5-88F0-4EDC-A3A4-B150FBBB4EED}.Release|Any CPU.ActiveCfg = Release|Any CPU
		{6E831AE5-88F0-4EDC-A3A4-B150FBBB4EED}.Release|Any CPU.Build.0 = Release|Any CPU
	EndGlobalSection
	GlobalSection(SolutionProperties) = preSolution
		HideSolutionNode = FALSE
	EndGlobalSection
	GlobalSection(ExtensibilityGlobals) = postSolution
		SolutionGuid = {6DC639A5-CF2F-464C-BE5A-A5A47F03C5D2}
	EndGlobalSection
EndGlobal
