
Microsoft Visual Studio Solution File, Format Version 12.00
# Visual Studio 15
VisualStudioVersion = 15.0.27130.2010
MinimumVisualStudioVersion = 10.0.40219.1
Project("{FAE04EC0-301F-11D3-BF4B-00C04F79EFBC}") = "01.CartesianCoordinateSystem", "01.CartesianCoordinateSystem\01.CartesianCoordinateSystem.csproj", "{7B41EB06-CDED-4BFB-A8BB-DCB95E3F68F2}"
EndProject
Project("{FAE04EC0-301F-11D3-BF4B-00C04F79EFBC}") = "02.MissCat2011", "02.MissCat2011\02.MissCat2011.csproj", "{040D5FB8-DD94-4AFC-BB12-9ABC40BB1A0F}"
EndProject
Project("{FAE04EC0-301F-11D3-BF4B-00C04F79EFBC}") = "03.ForestRoad", "03.ForestRoad\03.ForestRoad.csproj", "{05793483-9CA2-41B8-9B40-9B1131D7931F}"
EndProject
Project("{FAE04EC0-301F-11D3-BF4B-00C04F79EFBC}") = "04.BinaryDigitsCount", "04.BinaryDigitsCount\04.BinaryDigitsCount.csproj", "{4D925471-CD94-4868-9C06-E445A5BAEA50}"
EndProject
Project("{FAE04EC0-301F-11D3-BF4B-00C04F79EFBC}") = "05.SubsetSums", "05.SubsetSums\05.SubsetSums.csproj", "{CCC52AE9-369B-4E94-BED0-1CDCA2E0745A}"
EndProject
Global
	GlobalSection(SolutionConfigurationPlatforms) = preSolution
		Debug|Any CPU = Debug|Any CPU
		Release|Any CPU = Release|Any CPU
	EndGlobalSection
	GlobalSection(ProjectConfigurationPlatforms) = postSolution
		{7B41EB06-CDED-4BFB-A8BB-DCB95E3F68F2}.Debug|Any CPU.ActiveCfg = Debug|Any CPU
		{7B41EB06-CDED-4BFB-A8BB-DCB95E3F68F2}.Debug|Any CPU.Build.0 = Debug|Any CPU
		{7B41EB06-CDED-4BFB-A8BB-DCB95E3F68F2}.Release|Any CPU.ActiveCfg = Release|Any CPU
		{7B41EB06-CDED-4BFB-A8BB-DCB95E3F68F2}.Release|Any CPU.Build.0 = Release|Any CPU
		{040D5FB8-DD94-4AFC-BB12-9ABC40BB1A0F}.Debug|Any CPU.ActiveCfg = Debug|Any CPU
		{040D5FB8-DD94-4AFC-BB12-9ABC40BB1A0F}.Debug|Any CPU.Build.0 = Debug|Any CPU
		{040D5FB8-DD94-4AFC-BB12-9ABC40BB1A0F}.Release|Any CPU.ActiveCfg = Release|Any CPU
		{040D5FB8-DD94-4AFC-BB12-9ABC40BB1A0F}.Release|Any CPU.Build.0 = Release|Any CPU
		{05793483-9CA2-41B8-9B40-9B1131D7931F}.Debug|Any CPU.ActiveCfg = Debug|Any CPU
		{05793483-9CA2-41B8-9B40-9B1131D7931F}.Debug|Any CPU.Build.0 = Debug|Any CPU
		{05793483-9CA2-41B8-9B40-9B1131D7931F}.Release|Any CPU.ActiveCfg = Release|Any CPU
		{05793483-9CA2-41B8-9B40-9B1131D7931F}.Release|Any CPU.Build.0 = Release|Any CPU
		{4D925471-CD94-4868-9C06-E445A5BAEA50}.Debug|Any CPU.ActiveCfg = Debug|Any CPU
		{4D925471-CD94-4868-9C06-E445A5BAEA50}.Debug|Any CPU.Build.0 = Debug|Any CPU
		{4D925471-CD94-4868-9C06-E445A5BAEA50}.Release|Any CPU.ActiveCfg = Release|Any CPU
		{4D925471-CD94-4868-9C06-E445A5BAEA50}.Release|Any CPU.Build.0 = Release|Any CPU
		{CCC52AE9-369B-4E94-BED0-1CDCA2E0745A}.Debug|Any CPU.ActiveCfg = Debug|Any CPU
		{CCC52AE9-369B-4E94-BED0-1CDCA2E0745A}.Debug|Any CPU.Build.0 = Debug|Any CPU
		{CCC52AE9-369B-4E94-BED0-1CDCA2E0745A}.Release|Any CPU.ActiveCfg = Release|Any CPU
		{CCC52AE9-369B-4E94-BED0-1CDCA2E0745A}.Release|Any CPU.Build.0 = Release|Any CPU
	EndGlobalSection
	GlobalSection(SolutionProperties) = preSolution
		HideSolutionNode = FALSE
	EndGlobalSection
	GlobalSection(ExtensibilityGlobals) = postSolution
		SolutionGuid = {273057B4-B0FC-4945-B152-C12D8BDCF0BA}
	EndGlobalSection
EndGlobal
