
Microsoft Visual Studio Solution File, Format Version 12.00
# Visual Studio 15
VisualStudioVersion = 15.0.27130.2010
MinimumVisualStudioVersion = 10.0.40219.1
Project("{FAE04EC0-301F-11D3-BF4B-00C04F79EFBC}") = "01.TrainingLab", "ConsoleApp1\01.TrainingLab.csproj", "{2C8BDDA1-C042-4F65-ABA0-D2262F6A62C5}"
EndProject
Project("{FAE04EC0-301F-11D3-BF4B-00C04F79EFBC}") = "02.TransportPrice", "02.TransportPrice\02.TransportPrice.csproj", "{AC57473B-30D3-4128-8A16-98CA4F899BEF}"
EndProject
Project("{FAE04EC0-301F-11D3-BF4B-00C04F79EFBC}") = "03.OnTimeForTheExam", "03.OnTimeForTheExam\03.OnTimeForTheExam.csproj", "{04773BF1-238F-4005-91F5-85B9B50FC6C2}"
EndProject
Project("{FAE04EC0-301F-11D3-BF4B-00C04F79EFBC}") = "04.Histogram", "04.Histogram\04.Histogram.csproj", "{A543B19A-F70D-4365-B740-1B5493198BA5}"
EndProject
Project("{FAE04EC0-301F-11D3-BF4B-00C04F79EFBC}") = "05.DrawFort", "05.DrawFort\05.DrawFort.csproj", "{18F2BE46-2800-4474-A9E1-C92BC7EA034C}"
EndProject
Project("{FAE04EC0-301F-11D3-BF4B-00C04F79EFBC}") = "06.StupidPasswordGenerator", "06.StupidPasswordGenerator\06.StupidPasswordGenerator.csproj", "{EF119BE0-6D20-4CE4-9720-4F67B3C2D10D}"
EndProject
Global
	GlobalSection(SolutionConfigurationPlatforms) = preSolution
		Debug|Any CPU = Debug|Any CPU
		Release|Any CPU = Release|Any CPU
	EndGlobalSection
	GlobalSection(ProjectConfigurationPlatforms) = postSolution
		{2C8BDDA1-C042-4F65-ABA0-D2262F6A62C5}.Debug|Any CPU.ActiveCfg = Debug|Any CPU
		{2C8BDDA1-C042-4F65-ABA0-D2262F6A62C5}.Debug|Any CPU.Build.0 = Debug|Any CPU
		{2C8BDDA1-C042-4F65-ABA0-D2262F6A62C5}.Release|Any CPU.ActiveCfg = Release|Any CPU
		{2C8BDDA1-C042-4F65-ABA0-D2262F6A62C5}.Release|Any CPU.Build.0 = Release|Any CPU
		{AC57473B-30D3-4128-8A16-98CA4F899BEF}.Debug|Any CPU.ActiveCfg = Debug|Any CPU
		{AC57473B-30D3-4128-8A16-98CA4F899BEF}.Debug|Any CPU.Build.0 = Debug|Any CPU
		{AC57473B-30D3-4128-8A16-98CA4F899BEF}.Release|Any CPU.ActiveCfg = Release|Any CPU
		{AC57473B-30D3-4128-8A16-98CA4F899BEF}.Release|Any CPU.Build.0 = Release|Any CPU
		{04773BF1-238F-4005-91F5-85B9B50FC6C2}.Debug|Any CPU.ActiveCfg = Debug|Any CPU
		{04773BF1-238F-4005-91F5-85B9B50FC6C2}.Debug|Any CPU.Build.0 = Debug|Any CPU
		{04773BF1-238F-4005-91F5-85B9B50FC6C2}.Release|Any CPU.ActiveCfg = Release|Any CPU
		{04773BF1-238F-4005-91F5-85B9B50FC6C2}.Release|Any CPU.Build.0 = Release|Any CPU
		{A543B19A-F70D-4365-B740-1B5493198BA5}.Debug|Any CPU.ActiveCfg = Debug|Any CPU
		{A543B19A-F70D-4365-B740-1B5493198BA5}.Debug|Any CPU.Build.0 = Debug|Any CPU
		{A543B19A-F70D-4365-B740-1B5493198BA5}.Release|Any CPU.ActiveCfg = Release|Any CPU
		{A543B19A-F70D-4365-B740-1B5493198BA5}.Release|Any CPU.Build.0 = Release|Any CPU
		{18F2BE46-2800-4474-A9E1-C92BC7EA034C}.Debug|Any CPU.ActiveCfg = Debug|Any CPU
		{18F2BE46-2800-4474-A9E1-C92BC7EA034C}.Debug|Any CPU.Build.0 = Debug|Any CPU
		{18F2BE46-2800-4474-A9E1-C92BC7EA034C}.Release|Any CPU.ActiveCfg = Release|Any CPU
		{18F2BE46-2800-4474-A9E1-C92BC7EA034C}.Release|Any CPU.Build.0 = Release|Any CPU
		{EF119BE0-6D20-4CE4-9720-4F67B3C2D10D}.Debug|Any CPU.ActiveCfg = Debug|Any CPU
		{EF119BE0-6D20-4CE4-9720-4F67B3C2D10D}.Debug|Any CPU.Build.0 = Debug|Any CPU
		{EF119BE0-6D20-4CE4-9720-4F67B3C2D10D}.Release|Any CPU.ActiveCfg = Release|Any CPU
		{EF119BE0-6D20-4CE4-9720-4F67B3C2D10D}.Release|Any CPU.Build.0 = Release|Any CPU
	EndGlobalSection
	GlobalSection(SolutionProperties) = preSolution
		HideSolutionNode = FALSE
	EndGlobalSection
	GlobalSection(ExtensibilityGlobals) = postSolution
		SolutionGuid = {0CFCFCC5-B5BC-44DD-9431-59DECDE52D14}
	EndGlobalSection
EndGlobal
